
Microsoft Visual Studio Solution File, Format Version 12.00
# Visual Studio 15
VisualStudioVersion = 15.0.26124.0
MinimumVisualStudioVersion = 15.0.26124.0
Project("{FAE04EC0-301F-11D3-BF4B-00C04F79EFBC}") = "BiteSized", "BiteSized\BiteSized.csproj", "{F7D05999-3801-42A5-B418-E15E54F12756}"
EndProject
Project("{FAE04EC0-301F-11D3-BF4B-00C04F79EFBC}") = "BiteSized.Test", "BiteSized.Test\BiteSized.Test.csproj", "{2A5C6C3B-BFBC-4C10-9D1E-7494EDB99EFD}"
EndProject
Global
	GlobalSection(SolutionConfigurationPlatforms) = preSolution
		Debug|Any CPU = Debug|Any CPU
		Debug|x64 = Debug|x64
		Debug|x86 = Debug|x86
		Release|Any CPU = Release|Any CPU
		Release|x64 = Release|x64
		Release|x86 = Release|x86
	EndGlobalSection
	GlobalSection(SolutionProperties) = preSolution
		HideSolutionNode = FALSE
	EndGlobalSection
	GlobalSection(ProjectConfigurationPlatforms) = postSolution
		{F7D05999-3801-42A5-B418-E15E54F12756}.Debug|Any CPU.ActiveCfg = Debug|Any CPU
		{F7D05999-3801-42A5-B418-E15E54F12756}.Debug|Any CPU.Build.0 = Debug|Any CPU
		{F7D05999-3801-42A5-B418-E15E54F12756}.Debug|x64.ActiveCfg = Debug|Any CPU
		{F7D05999-3801-42A5-B418-E15E54F12756}.Debug|x64.Build.0 = Debug|Any CPU
		{F7D05999-3801-42A5-B418-E15E54F12756}.Debug|x86.ActiveCfg = Debug|Any CPU
		{F7D05999-3801-42A5-B418-E15E54F12756}.Debug|x86.Build.0 = Debug|Any CPU
		{F7D05999-3801-42A5-B418-E15E54F12756}.Release|Any CPU.ActiveCfg = Release|Any CPU
		{F7D05999-3801-42A5-B418-E15E54F12756}.Release|Any CPU.Build.0 = Release|Any CPU
		{F7D05999-3801-42A5-B418-E15E54F12756}.Release|x64.ActiveCfg = Release|Any CPU
		{F7D05999-3801-42A5-B418-E15E54F12756}.Release|x64.Build.0 = Release|Any CPU
		{F7D05999-3801-42A5-B418-E15E54F12756}.Release|x86.ActiveCfg = Release|Any CPU
		{F7D05999-3801-42A5-B418-E15E54F12756}.Release|x86.Build.0 = Release|Any CPU
		{2A5C6C3B-BFBC-4C10-9D1E-7494EDB99EFD}.Debug|Any CPU.ActiveCfg = Debug|Any CPU
		{2A5C6C3B-BFBC-4C10-9D1E-7494EDB99EFD}.Debug|Any CPU.Build.0 = Debug|Any CPU
		{2A5C6C3B-BFBC-4C10-9D1E-7494EDB99EFD}.Debug|x64.ActiveCfg = Debug|Any CPU
		{2A5C6C3B-BFBC-4C10-9D1E-7494EDB99EFD}.Debug|x64.Build.0 = Debug|Any CPU
		{2A5C6C3B-BFBC-4C10-9D1E-7494EDB99EFD}.Debug|x86.ActiveCfg = Debug|Any CPU
		{2A5C6C3B-BFBC-4C10-9D1E-7494EDB99EFD}.Debug|x86.Build.0 = Debug|Any CPU
		{2A5C6C3B-BFBC-4C10-9D1E-7494EDB99EFD}.Release|Any CPU.ActiveCfg = Release|Any CPU
		{2A5C6C3B-BFBC-4C10-9D1E-7494EDB99EFD}.Release|Any CPU.Build.0 = Release|Any CPU
		{2A5C6C3B-BFBC-4C10-9D1E-7494EDB99EFD}.Release|x64.ActiveCfg = Release|Any CPU
		{2A5C6C3B-BFBC-4C10-9D1E-7494EDB99EFD}.Release|x64.Build.0 = Release|Any CPU
		{2A5C6C3B-BFBC-4C10-9D1E-7494EDB99EFD}.Release|x86.ActiveCfg = Release|Any CPU
		{2A5C6C3B-BFBC-4C10-9D1E-7494EDB99EFD}.Release|x86.Build.0 = Release|Any CPU
	EndGlobalSection
EndGlobal
